
Microsoft Visual Studio Solution File, Format Version 12.00
# Visual Studio 15
Project("{FAE04EC0-301F-11D3-BF4B-00C04F79EFBC}") = "Assembly-CSharp", "Assembly-CSharp.csproj", "{0839B70A-9594-98AF-3516-1AE7C05FC190}"
EndProject
Project("{FAE04EC0-301F-11D3-BF4B-00C04F79EFBC}") = "Assembly-CSharp-firstpass", "Assembly-CSharp-firstpass.csproj", "{58B8D6B3-9E86-A124-6822-9979D5CC6F98}"
EndProject
Project("{FAE04EC0-301F-11D3-BF4B-00C04F79EFBC}") = "Assembly-CSharp-Editor", "Assembly-CSharp-Editor.csproj", "{33F2C567-7866-1EA8-7622-ECC27BD5F16E}"
EndProject
Global
	GlobalSection(SolutionConfigurationPlatforms) = preSolution
		Debug|Any CPU = Debug|Any CPU
		Release|Any CPU = Release|Any CPU
	EndGlobalSection
	GlobalSection(ProjectConfigurationPlatforms) = postSolution
		{0839B70A-9594-98AF-3516-1AE7C05FC190}.Debug|Any CPU.ActiveCfg = Debug|Any CPU
		{0839B70A-9594-98AF-3516-1AE7C05FC190}.Debug|Any CPU.Build.0 = Debug|Any CPU
		{0839B70A-9594-98AF-3516-1AE7C05FC190}.Release|Any CPU.ActiveCfg = Release|Any CPU
		{0839B70A-9594-98AF-3516-1AE7C05FC190}.Release|Any CPU.Build.0 = Release|Any CPU
		{58B8D6B3-9E86-A124-6822-9979D5CC6F98}.Debug|Any CPU.ActiveCfg = Debug|Any CPU
		{58B8D6B3-9E86-A124-6822-9979D5CC6F98}.Debug|Any CPU.Build.0 = Debug|Any CPU
		{58B8D6B3-9E86-A124-6822-9979D5CC6F98}.Release|Any CPU.ActiveCfg = Release|Any CPU
		{58B8D6B3-9E86-A124-6822-9979D5CC6F98}.Release|Any CPU.Build.0 = Release|Any CPU
		{33F2C567-7866-1EA8-7622-ECC27BD5F16E}.Debug|Any CPU.ActiveCfg = Debug|Any CPU
		{33F2C567-7866-1EA8-7622-ECC27BD5F16E}.Debug|Any CPU.Build.0 = Debug|Any CPU
		{33F2C567-7866-1EA8-7622-ECC27BD5F16E}.Release|Any CPU.ActiveCfg = Release|Any CPU
		{33F2C567-7866-1EA8-7622-ECC27BD5F16E}.Release|Any CPU.Build.0 = Release|Any CPU
	EndGlobalSection
	GlobalSection(SolutionProperties) = preSolution
		HideSolutionNode = FALSE
	EndGlobalSection
EndGlobal
